
Microsoft Visual Studio Solution File, Format Version 12.00
# Visual Studio Version 17
VisualStudioVersion = 17.11.35327.3
MinimumVisualStudioVersion = 10.0.40219.1
Project("{9A19103F-16F7-4668-BE54-9A1E7A4F7556}") = "Day01", "Day01\Day01.csproj", "{326F2927-B43E-42E2-B626-54FD601D8B6A}"
EndProject
Project("{9A19103F-16F7-4668-BE54-9A1E7A4F7556}") = "SharedKernel", "SharedKernel\SharedKernel.csproj", "{3F4295BC-DD30-47FC-B8FE-5B6E1BBF6993}"
EndProject
Project("{2150E333-8FDC-42A3-9474-1A3956D46DE8}") = "Solution Items", "Solution Items", "{C95F09F1-6650-4176-8CDA-37DFF6F1CA38}"
	ProjectSection(SolutionItems) = preProject
		.gitignore = .gitignore
		LICENSE = LICENSE
		README.md = README.md
	EndProjectSection
EndProject
Project("{9A19103F-16F7-4668-BE54-9A1E7A4F7556}") = "Day02", "Day02\Day02.csproj", "{B99A51B9-99A9-4037-B3CD-7DC838E79FD6}"
EndProject
Project("{9A19103F-16F7-4668-BE54-9A1E7A4F7556}") = "Day03", "Day03\Day03.csproj", "{570BDB9D-223D-4608-93C7-F4E8B9596C9A}"
EndProject
Project("{9A19103F-16F7-4668-BE54-9A1E7A4F7556}") = "Day04", "Day04\Day04.csproj", "{2578892B-A0E1-4597-9C7F-EADCD62259C9}"
EndProject
Project("{FAE04EC0-301F-11D3-BF4B-00C04F79EFBC}") = "Day05", "Day05\Day05.csproj", "{D2AA0EEA-AA8B-4FE1-AEFD-0FB7052188E1}"
EndProject
Project("{FAE04EC0-301F-11D3-BF4B-00C04F79EFBC}") = "Day06", "Day06\Day06.csproj", "{13AA001F-9890-4BFF-9FE5-C4AEADDD5810}"
EndProject
Project("{FAE04EC0-301F-11D3-BF4B-00C04F79EFBC}") = "Day07", "Day07\Day07.csproj", "{3458C0FF-6EA0-4DD6-B852-6E9526E24CBB}"
EndProject
Global
	GlobalSection(SolutionConfigurationPlatforms) = preSolution
		Debug|Any CPU = Debug|Any CPU
		Release|Any CPU = Release|Any CPU
	EndGlobalSection
	GlobalSection(ProjectConfigurationPlatforms) = postSolution
		{326F2927-B43E-42E2-B626-54FD601D8B6A}.Debug|Any CPU.ActiveCfg = Debug|Any CPU
		{326F2927-B43E-42E2-B626-54FD601D8B6A}.Debug|Any CPU.Build.0 = Debug|Any CPU
		{326F2927-B43E-42E2-B626-54FD601D8B6A}.Release|Any CPU.ActiveCfg = Release|Any CPU
		{326F2927-B43E-42E2-B626-54FD601D8B6A}.Release|Any CPU.Build.0 = Release|Any CPU
		{3F4295BC-DD30-47FC-B8FE-5B6E1BBF6993}.Debug|Any CPU.ActiveCfg = Debug|Any CPU
		{3F4295BC-DD30-47FC-B8FE-5B6E1BBF6993}.Debug|Any CPU.Build.0 = Debug|Any CPU
		{3F4295BC-DD30-47FC-B8FE-5B6E1BBF6993}.Release|Any CPU.ActiveCfg = Release|Any CPU
		{3F4295BC-DD30-47FC-B8FE-5B6E1BBF6993}.Release|Any CPU.Build.0 = Release|Any CPU
		{B99A51B9-99A9-4037-B3CD-7DC838E79FD6}.Debug|Any CPU.ActiveCfg = Debug|Any CPU
		{B99A51B9-99A9-4037-B3CD-7DC838E79FD6}.Debug|Any CPU.Build.0 = Debug|Any CPU
		{B99A51B9-99A9-4037-B3CD-7DC838E79FD6}.Release|Any CPU.ActiveCfg = Release|Any CPU
		{B99A51B9-99A9-4037-B3CD-7DC838E79FD6}.Release|Any CPU.Build.0 = Release|Any CPU
		{570BDB9D-223D-4608-93C7-F4E8B9596C9A}.Debug|Any CPU.ActiveCfg = Debug|Any CPU
		{570BDB9D-223D-4608-93C7-F4E8B9596C9A}.Debug|Any CPU.Build.0 = Debug|Any CPU
		{570BDB9D-223D-4608-93C7-F4E8B9596C9A}.Release|Any CPU.ActiveCfg = Release|Any CPU
		{570BDB9D-223D-4608-93C7-F4E8B9596C9A}.Release|Any CPU.Build.0 = Release|Any CPU
		{2578892B-A0E1-4597-9C7F-EADCD62259C9}.Debug|Any CPU.ActiveCfg = Debug|Any CPU
		{2578892B-A0E1-4597-9C7F-EADCD62259C9}.Debug|Any CPU.Build.0 = Debug|Any CPU
		{2578892B-A0E1-4597-9C7F-EADCD62259C9}.Release|Any CPU.ActiveCfg = Release|Any CPU
		{2578892B-A0E1-4597-9C7F-EADCD62259C9}.Release|Any CPU.Build.0 = Release|Any CPU
		{D2AA0EEA-AA8B-4FE1-AEFD-0FB7052188E1}.Debug|Any CPU.ActiveCfg = Debug|Any CPU
		{D2AA0EEA-AA8B-4FE1-AEFD-0FB7052188E1}.Debug|Any CPU.Build.0 = Debug|Any CPU
		{D2AA0EEA-AA8B-4FE1-AEFD-0FB7052188E1}.Release|Any CPU.ActiveCfg = Release|Any CPU
		{D2AA0EEA-AA8B-4FE1-AEFD-0FB7052188E1}.Release|Any CPU.Build.0 = Release|Any CPU
		{13AA001F-9890-4BFF-9FE5-C4AEADDD5810}.Debug|Any CPU.ActiveCfg = Debug|Any CPU
		{13AA001F-9890-4BFF-9FE5-C4AEADDD5810}.Debug|Any CPU.Build.0 = Debug|Any CPU
		{13AA001F-9890-4BFF-9FE5-C4AEADDD5810}.Release|Any CPU.ActiveCfg = Release|Any CPU
		{13AA001F-9890-4BFF-9FE5-C4AEADDD5810}.Release|Any CPU.Build.0 = Release|Any CPU
		{3458C0FF-6EA0-4DD6-B852-6E9526E24CBB}.Debug|Any CPU.ActiveCfg = Debug|Any CPU
		{3458C0FF-6EA0-4DD6-B852-6E9526E24CBB}.Debug|Any CPU.Build.0 = Debug|Any CPU
		{3458C0FF-6EA0-4DD6-B852-6E9526E24CBB}.Release|Any CPU.ActiveCfg = Release|Any CPU
		{3458C0FF-6EA0-4DD6-B852-6E9526E24CBB}.Release|Any CPU.Build.0 = Release|Any CPU
	EndGlobalSection
	GlobalSection(SolutionProperties) = preSolution
		HideSolutionNode = FALSE
	EndGlobalSection
	GlobalSection(ExtensibilityGlobals) = postSolution
		SolutionGuid = {85BFA9EF-EBCC-4760-8E42-88B061076EF3}
	EndGlobalSection
EndGlobal
