
Microsoft Visual Studio Solution File, Format Version 12.00
# Visual Studio Version 17
VisualStudioVersion = 17.11.35327.3
MinimumVisualStudioVersion = 10.0.40219.1
Project("{9A19103F-16F7-4668-BE54-9A1E7A4F7556}") = "Day01", "Day01\Day01.csproj", "{326F2927-B43E-42E2-B626-54FD601D8B6A}"
EndProject
Project("{9A19103F-16F7-4668-BE54-9A1E7A4F7556}") = "SharedKernel", "SharedKernel\SharedKernel.csproj", "{3F4295BC-DD30-47FC-B8FE-5B6E1BBF6993}"
EndProject
Project("{2150E333-8FDC-42A3-9474-1A3956D46DE8}") = "Solution Items", "Solution Items", "{C95F09F1-6650-4176-8CDA-37DFF6F1CA38}"
	ProjectSection(SolutionItems) = preProject
		.gitignore = .gitignore
		LICENSE = LICENSE
		README.md = README.md
	EndProjectSection
EndProject
Project("{9A19103F-16F7-4668-BE54-9A1E7A4F7556}") = "Day02", "Day02\Day02.csproj", "{B99A51B9-99A9-4037-B3CD-7DC838E79FD6}"
EndProject
Project("{9A19103F-16F7-4668-BE54-9A1E7A4F7556}") = "Day03", "Day03\Day03.csproj", "{570BDB9D-223D-4608-93C7-F4E8B9596C9A}"
EndProject
Project("{9A19103F-16F7-4668-BE54-9A1E7A4F7556}") = "Day04", "Day04\Day04.csproj", "{2578892B-A0E1-4597-9C7F-EADCD62259C9}"
EndProject
Project("{9A19103F-16F7-4668-BE54-9A1E7A4F7556}") = "Day05", "Day05\Day05.csproj", "{D2AA0EEA-AA8B-4FE1-AEFD-0FB7052188E1}"
EndProject
Project("{9A19103F-16F7-4668-BE54-9A1E7A4F7556}") = "Day06", "Day06\Day06.csproj", "{13AA001F-9890-4BFF-9FE5-C4AEADDD5810}"
EndProject
Project("{9A19103F-16F7-4668-BE54-9A1E7A4F7556}") = "Day07", "Day07\Day07.csproj", "{3458C0FF-6EA0-4DD6-B852-6E9526E24CBB}"
EndProject
Project("{9A19103F-16F7-4668-BE54-9A1E7A4F7556}") = "Day08", "Day08\Day08.csproj", "{AD65EE4C-84F2-4EEF-9E86-669E0BD55631}"
EndProject
Project("{9A19103F-16F7-4668-BE54-9A1E7A4F7556}") = "Day09", "Day09\Day09.csproj", "{D7BA30D9-3444-49C7-8BBF-FE88FB96F10C}"
EndProject
Project("{9A19103F-16F7-4668-BE54-9A1E7A4F7556}") = "Day10", "Day10\Day10.csproj", "{EB67809C-60D8-40C8-8D71-855A5743E56E}"
EndProject
Project("{9A19103F-16F7-4668-BE54-9A1E7A4F7556}") = "Day11", "Day11\Day11.csproj", "{48A16CF0-E240-4D7D-8802-ADA33D30EC7B}"
EndProject
Project("{FAE04EC0-301F-11D3-BF4B-00C04F79EFBC}") = "Day12", "Day12\Day12.csproj", "{9AB9A36C-621D-4AC8-BB05-7AC3F68F14CE}"
EndProject
Project("{FAE04EC0-301F-11D3-BF4B-00C04F79EFBC}") = "Day13", "Day13\Day13.csproj", "{486A38C2-D5BC-46B9-B3A9-931D709BD1E0}"
EndProject
Project("{FAE04EC0-301F-11D3-BF4B-00C04F79EFBC}") = "Day14", "Day14\Day14.csproj", "{CCBDE0DF-2943-45BD-A25A-021ABC440EBD}"
EndProject
Project("{FAE04EC0-301F-11D3-BF4B-00C04F79EFBC}") = "Day15", "Day15\Day15.csproj", "{9524E997-00BB-4BF6-9E5D-6EB31EF57514}"
EndProject
Project("{FAE04EC0-301F-11D3-BF4B-00C04F79EFBC}") = "Day16", "Day16\Day16.csproj", "{A0D0EB4D-BC45-48B2-BE11-EC8B0CF1F0D9}"
EndProject
Project("{FAE04EC0-301F-11D3-BF4B-00C04F79EFBC}") = "Day17", "Day17\Day17.csproj", "{8DC9A2DE-4481-4A8A-A80A-12E5755765B1}"
EndProject
Project("{FAE04EC0-301F-11D3-BF4B-00C04F79EFBC}") = "Day18", "Day18\Day18.csproj", "{FF2AD39B-15C0-4F22-8039-5A1332F228F9}"
EndProject
Project("{FAE04EC0-301F-11D3-BF4B-00C04F79EFBC}") = "Day19", "Day19\Day19.csproj", "{EB3FCDE1-6A6D-4C06-BC62-C3214EB3443D}"
EndProject
Project("{FAE04EC0-301F-11D3-BF4B-00C04F79EFBC}") = "Day20", "Day20\Day20.csproj", "{A8A25D77-5DA3-4A17-B058-1443C5A2FC1F}"
EndProject
Global
	GlobalSection(SolutionConfigurationPlatforms) = preSolution
		Debug|Any CPU = Debug|Any CPU
		Release|Any CPU = Release|Any CPU
	EndGlobalSection
	GlobalSection(ProjectConfigurationPlatforms) = postSolution
		{326F2927-B43E-42E2-B626-54FD601D8B6A}.Debug|Any CPU.ActiveCfg = Debug|Any CPU
		{326F2927-B43E-42E2-B626-54FD601D8B6A}.Debug|Any CPU.Build.0 = Debug|Any CPU
		{326F2927-B43E-42E2-B626-54FD601D8B6A}.Release|Any CPU.ActiveCfg = Release|Any CPU
		{326F2927-B43E-42E2-B626-54FD601D8B6A}.Release|Any CPU.Build.0 = Release|Any CPU
		{3F4295BC-DD30-47FC-B8FE-5B6E1BBF6993}.Debug|Any CPU.ActiveCfg = Debug|Any CPU
		{3F4295BC-DD30-47FC-B8FE-5B6E1BBF6993}.Debug|Any CPU.Build.0 = Debug|Any CPU
		{3F4295BC-DD30-47FC-B8FE-5B6E1BBF6993}.Release|Any CPU.ActiveCfg = Release|Any CPU
		{3F4295BC-DD30-47FC-B8FE-5B6E1BBF6993}.Release|Any CPU.Build.0 = Release|Any CPU
		{B99A51B9-99A9-4037-B3CD-7DC838E79FD6}.Debug|Any CPU.ActiveCfg = Debug|Any CPU
		{B99A51B9-99A9-4037-B3CD-7DC838E79FD6}.Debug|Any CPU.Build.0 = Debug|Any CPU
		{B99A51B9-99A9-4037-B3CD-7DC838E79FD6}.Release|Any CPU.ActiveCfg = Release|Any CPU
		{B99A51B9-99A9-4037-B3CD-7DC838E79FD6}.Release|Any CPU.Build.0 = Release|Any CPU
		{570BDB9D-223D-4608-93C7-F4E8B9596C9A}.Debug|Any CPU.ActiveCfg = Debug|Any CPU
		{570BDB9D-223D-4608-93C7-F4E8B9596C9A}.Debug|Any CPU.Build.0 = Debug|Any CPU
		{570BDB9D-223D-4608-93C7-F4E8B9596C9A}.Release|Any CPU.ActiveCfg = Release|Any CPU
		{570BDB9D-223D-4608-93C7-F4E8B9596C9A}.Release|Any CPU.Build.0 = Release|Any CPU
		{2578892B-A0E1-4597-9C7F-EADCD62259C9}.Debug|Any CPU.ActiveCfg = Debug|Any CPU
		{2578892B-A0E1-4597-9C7F-EADCD62259C9}.Debug|Any CPU.Build.0 = Debug|Any CPU
		{2578892B-A0E1-4597-9C7F-EADCD62259C9}.Release|Any CPU.ActiveCfg = Release|Any CPU
		{2578892B-A0E1-4597-9C7F-EADCD62259C9}.Release|Any CPU.Build.0 = Release|Any CPU
		{D2AA0EEA-AA8B-4FE1-AEFD-0FB7052188E1}.Debug|Any CPU.ActiveCfg = Debug|Any CPU
		{D2AA0EEA-AA8B-4FE1-AEFD-0FB7052188E1}.Debug|Any CPU.Build.0 = Debug|Any CPU
		{D2AA0EEA-AA8B-4FE1-AEFD-0FB7052188E1}.Release|Any CPU.ActiveCfg = Release|Any CPU
		{D2AA0EEA-AA8B-4FE1-AEFD-0FB7052188E1}.Release|Any CPU.Build.0 = Release|Any CPU
		{13AA001F-9890-4BFF-9FE5-C4AEADDD5810}.Debug|Any CPU.ActiveCfg = Debug|Any CPU
		{13AA001F-9890-4BFF-9FE5-C4AEADDD5810}.Debug|Any CPU.Build.0 = Debug|Any CPU
		{13AA001F-9890-4BFF-9FE5-C4AEADDD5810}.Release|Any CPU.ActiveCfg = Release|Any CPU
		{13AA001F-9890-4BFF-9FE5-C4AEADDD5810}.Release|Any CPU.Build.0 = Release|Any CPU
		{3458C0FF-6EA0-4DD6-B852-6E9526E24CBB}.Debug|Any CPU.ActiveCfg = Debug|Any CPU
		{3458C0FF-6EA0-4DD6-B852-6E9526E24CBB}.Debug|Any CPU.Build.0 = Debug|Any CPU
		{3458C0FF-6EA0-4DD6-B852-6E9526E24CBB}.Release|Any CPU.ActiveCfg = Release|Any CPU
		{3458C0FF-6EA0-4DD6-B852-6E9526E24CBB}.Release|Any CPU.Build.0 = Release|Any CPU
		{AD65EE4C-84F2-4EEF-9E86-669E0BD55631}.Debug|Any CPU.ActiveCfg = Debug|Any CPU
		{AD65EE4C-84F2-4EEF-9E86-669E0BD55631}.Debug|Any CPU.Build.0 = Debug|Any CPU
		{AD65EE4C-84F2-4EEF-9E86-669E0BD55631}.Release|Any CPU.ActiveCfg = Release|Any CPU
		{AD65EE4C-84F2-4EEF-9E86-669E0BD55631}.Release|Any CPU.Build.0 = Release|Any CPU
		{D7BA30D9-3444-49C7-8BBF-FE88FB96F10C}.Debug|Any CPU.ActiveCfg = Debug|Any CPU
		{D7BA30D9-3444-49C7-8BBF-FE88FB96F10C}.Debug|Any CPU.Build.0 = Debug|Any CPU
		{D7BA30D9-3444-49C7-8BBF-FE88FB96F10C}.Release|Any CPU.ActiveCfg = Release|Any CPU
		{D7BA30D9-3444-49C7-8BBF-FE88FB96F10C}.Release|Any CPU.Build.0 = Release|Any CPU
		{EB67809C-60D8-40C8-8D71-855A5743E56E}.Debug|Any CPU.ActiveCfg = Debug|Any CPU
		{EB67809C-60D8-40C8-8D71-855A5743E56E}.Debug|Any CPU.Build.0 = Debug|Any CPU
		{EB67809C-60D8-40C8-8D71-855A5743E56E}.Release|Any CPU.ActiveCfg = Release|Any CPU
		{EB67809C-60D8-40C8-8D71-855A5743E56E}.Release|Any CPU.Build.0 = Release|Any CPU
		{48A16CF0-E240-4D7D-8802-ADA33D30EC7B}.Debug|Any CPU.ActiveCfg = Debug|Any CPU
		{48A16CF0-E240-4D7D-8802-ADA33D30EC7B}.Debug|Any CPU.Build.0 = Debug|Any CPU
		{48A16CF0-E240-4D7D-8802-ADA33D30EC7B}.Release|Any CPU.ActiveCfg = Release|Any CPU
		{48A16CF0-E240-4D7D-8802-ADA33D30EC7B}.Release|Any CPU.Build.0 = Release|Any CPU
		{9AB9A36C-621D-4AC8-BB05-7AC3F68F14CE}.Debug|Any CPU.ActiveCfg = Debug|Any CPU
		{9AB9A36C-621D-4AC8-BB05-7AC3F68F14CE}.Debug|Any CPU.Build.0 = Debug|Any CPU
		{9AB9A36C-621D-4AC8-BB05-7AC3F68F14CE}.Release|Any CPU.ActiveCfg = Release|Any CPU
		{9AB9A36C-621D-4AC8-BB05-7AC3F68F14CE}.Release|Any CPU.Build.0 = Release|Any CPU
		{486A38C2-D5BC-46B9-B3A9-931D709BD1E0}.Debug|Any CPU.ActiveCfg = Debug|Any CPU
		{486A38C2-D5BC-46B9-B3A9-931D709BD1E0}.Debug|Any CPU.Build.0 = Debug|Any CPU
		{486A38C2-D5BC-46B9-B3A9-931D709BD1E0}.Release|Any CPU.ActiveCfg = Release|Any CPU
		{486A38C2-D5BC-46B9-B3A9-931D709BD1E0}.Release|Any CPU.Build.0 = Release|Any CPU
		{CCBDE0DF-2943-45BD-A25A-021ABC440EBD}.Debug|Any CPU.ActiveCfg = Debug|Any CPU
		{CCBDE0DF-2943-45BD-A25A-021ABC440EBD}.Debug|Any CPU.Build.0 = Debug|Any CPU
		{CCBDE0DF-2943-45BD-A25A-021ABC440EBD}.Release|Any CPU.ActiveCfg = Release|Any CPU
		{CCBDE0DF-2943-45BD-A25A-021ABC440EBD}.Release|Any CPU.Build.0 = Release|Any CPU
		{9524E997-00BB-4BF6-9E5D-6EB31EF57514}.Debug|Any CPU.ActiveCfg = Debug|Any CPU
		{9524E997-00BB-4BF6-9E5D-6EB31EF57514}.Debug|Any CPU.Build.0 = Debug|Any CPU
		{9524E997-00BB-4BF6-9E5D-6EB31EF57514}.Release|Any CPU.ActiveCfg = Release|Any CPU
		{9524E997-00BB-4BF6-9E5D-6EB31EF57514}.Release|Any CPU.Build.0 = Release|Any CPU
		{A0D0EB4D-BC45-48B2-BE11-EC8B0CF1F0D9}.Debug|Any CPU.ActiveCfg = Debug|Any CPU
		{A0D0EB4D-BC45-48B2-BE11-EC8B0CF1F0D9}.Debug|Any CPU.Build.0 = Debug|Any CPU
		{A0D0EB4D-BC45-48B2-BE11-EC8B0CF1F0D9}.Release|Any CPU.ActiveCfg = Release|Any CPU
		{A0D0EB4D-BC45-48B2-BE11-EC8B0CF1F0D9}.Release|Any CPU.Build.0 = Release|Any CPU
		{8DC9A2DE-4481-4A8A-A80A-12E5755765B1}.Debug|Any CPU.ActiveCfg = Debug|Any CPU
		{8DC9A2DE-4481-4A8A-A80A-12E5755765B1}.Debug|Any CPU.Build.0 = Debug|Any CPU
		{8DC9A2DE-4481-4A8A-A80A-12E5755765B1}.Release|Any CPU.ActiveCfg = Release|Any CPU
		{8DC9A2DE-4481-4A8A-A80A-12E5755765B1}.Release|Any CPU.Build.0 = Release|Any CPU
		{FF2AD39B-15C0-4F22-8039-5A1332F228F9}.Debug|Any CPU.ActiveCfg = Debug|Any CPU
		{FF2AD39B-15C0-4F22-8039-5A1332F228F9}.Debug|Any CPU.Build.0 = Debug|Any CPU
		{FF2AD39B-15C0-4F22-8039-5A1332F228F9}.Release|Any CPU.ActiveCfg = Release|Any CPU
		{FF2AD39B-15C0-4F22-8039-5A1332F228F9}.Release|Any CPU.Build.0 = Release|Any CPU
		{EB3FCDE1-6A6D-4C06-BC62-C3214EB3443D}.Debug|Any CPU.ActiveCfg = Debug|Any CPU
		{EB3FCDE1-6A6D-4C06-BC62-C3214EB3443D}.Debug|Any CPU.Build.0 = Debug|Any CPU
		{EB3FCDE1-6A6D-4C06-BC62-C3214EB3443D}.Release|Any CPU.ActiveCfg = Release|Any CPU
		{EB3FCDE1-6A6D-4C06-BC62-C3214EB3443D}.Release|Any CPU.Build.0 = Release|Any CPU
		{A8A25D77-5DA3-4A17-B058-1443C5A2FC1F}.Debug|Any CPU.ActiveCfg = Debug|Any CPU
		{A8A25D77-5DA3-4A17-B058-1443C5A2FC1F}.Debug|Any CPU.Build.0 = Debug|Any CPU
		{A8A25D77-5DA3-4A17-B058-1443C5A2FC1F}.Release|Any CPU.ActiveCfg = Release|Any CPU
		{A8A25D77-5DA3-4A17-B058-1443C5A2FC1F}.Release|Any CPU.Build.0 = Release|Any CPU
	EndGlobalSection
	GlobalSection(SolutionProperties) = preSolution
		HideSolutionNode = FALSE
	EndGlobalSection
	GlobalSection(ExtensibilityGlobals) = postSolution
		SolutionGuid = {85BFA9EF-EBCC-4760-8E42-88B061076EF3}
	EndGlobalSection
EndGlobal
